
Microsoft Visual Studio Solution File, Format Version 12.00
# Visual Studio Version 16
VisualStudioVersion = 16.0.33130.400
MinimumVisualStudioVersion = 10.0.40219.1
Project("{FAE04EC0-301F-11D3-BF4B-00C04F79EFBC}") = "практика2", "практика2.csproj", "{88229EF6-9FB1-46D7-AE73-AD4052337610}"
EndProject
Global
	GlobalSection(SolutionConfigurationPlatforms) = preSolution
		Debug|Any CPU = Debug|Any CPU
		Release|Any CPU = Release|Any CPU
	EndGlobalSection
	GlobalSection(ProjectConfigurationPlatforms) = postSolution
		{88229EF6-9FB1-46D7-AE73-AD4052337610}.Debug|Any CPU.ActiveCfg = Debug|Any CPU
		{88229EF6-9FB1-46D7-AE73-AD4052337610}.Debug|Any CPU.Build.0 = Debug|Any CPU
		{88229EF6-9FB1-46D7-AE73-AD4052337610}.Release|Any CPU.ActiveCfg = Release|Any CPU
		{88229EF6-9FB1-46D7-AE73-AD4052337610}.Release|Any CPU.Build.0 = Release|Any CPU
	EndGlobalSection
	GlobalSection(SolutionProperties) = preSolution
		HideSolutionNode = FALSE
	EndGlobalSection
	GlobalSection(ExtensibilityGlobals) = postSolution
		SolutionGuid = {687E8E43-63C2-4B09-BEBA-50D93A03189B}
	EndGlobalSection
EndGlobal
